{
  "version": 1,
  "dependencies": {
    "net8.0": {
      "Microsoft.CodeAnalysis.PublicApiAnalyzers": {
        "type": "Direct",
        "requested": "[3.3.4, )",
        "resolved": "3.3.4",
        "contentHash": "kNLTfXtXUWDHVt5iaPkkiPuyHYlMgLI6SOFT4w88bfeI2vqSeGgHunFkdvlaCM8RDfcY0t2+jnesQtidRJJ/DA=="
      },
      "Microsoft.Extensions.Logging.Abstractions": {
        "type": "Direct",
        "requested": "[10.0.1, )",
        "resolved": "10.0.1",
        "contentHash": "YkmyiPIWAXVb+lPIrM0LE5bbtLOJkCiRTFiHpkVOvhI7uTvCfoOHLEN0LcsY56GpSD7NqX3gJNpsaDe87/B3zg==",
        "dependencies": {
          "Microsoft.Extensions.DependencyInjection.Abstractions": "10.0.1",
          "System.Diagnostics.DiagnosticSource": "10.0.1"
        }
      },
      "Microsoft.SourceLink.GitHub": {
        "type": "Direct",
        "requested": "[1.1.1, )",
        "resolved": "1.1.1",
        "contentHash": "IaJGnOv/M7UQjRJks7B6p7pbPnOwisYGOIzqCz5ilGFTApZ3ktOR+6zJ12ZRPInulBmdAf1SrGdDG2MU8g6XTw==",
        "dependencies": {
          "Microsoft.Build.Tasks.Git": "1.1.1",
          "Microsoft.SourceLink.Common": "1.1.1"
        }
      },
      "System.Text.Json": {
        "type": "Direct",
        "requested": "[8.0.6, )",
        "resolved": "8.0.6",
        "contentHash": "BvSpVBsVN9b+Y+wONbvJOHd1HjXQf33+XiC28ZMOwRsYb42mz3Q8YHnpTSwpwJLqYCMqM+0UUVC3V+pi25XfkQ=="
      },
      "Microsoft.Build.Tasks.Git": {
        "type": "Transitive",
        "resolved": "1.1.1",
        "contentHash": "AT3HlgTjsqHnWpBHSNeR0KxbLZD7bztlZVj7I8vgeYG9SYqbeFGh0TM/KVtC6fg53nrWHl3VfZFvb5BiQFcY6Q=="
      },
      "Microsoft.Extensions.DependencyInjection.Abstractions": {
        "type": "Transitive",
        "resolved": "10.0.1",
        "contentHash": "oIy8fQxxbUsSrrOvgBqlVgOeCtDmrcynnTG+FQufcUWBrwyPfwlUkCDB2vaiBeYPyT+20u9/HeuHeBf+H4F/8g=="
      },
      "Microsoft.SourceLink.Common": {
        "type": "Transitive",
        "resolved": "1.1.1",
        "contentHash": "WMcGpWKrmJmzrNeuaEb23bEMnbtR/vLmvZtkAP5qWu7vQsY59GqfRJd65sFpBszbd2k/bQ8cs8eWawQKAabkVg=="
      },
      "System.Diagnostics.DiagnosticSource": {
        "type": "Transitive",
        "resolved": "10.0.1",
        "contentHash": "wVYO4/71Pk177uQ3TG8ZQFS3Pnmr98cF9pYxnpuIb/bMnbEWsdZZoLU/euv29mfSi2/Iuypj0TRUchPk7aqBGg=="
      }
    }
  }
}